<Solution>
  <Configurations>
    <Platform Name="x64" />
  </Configurations>
  <Project Path="src/Aethra/Aethra.csproj">
    <Platform Solution="*|x64" Project="x64" />
    <Deploy />
  </Project>
  <Project Path="tests/Aethra.Tests/Aethra.Tests.csproj">
    <Platform Solution="*|x64" Project="x64" />
  </Project>
</Solution>
